
Microsoft Visual Studio Solution File, Format Version 12.00
Project("{FAE04EC0-301F-11D3-BF4B-00C04F79EFBC}") = "MCPWeatherServer", "MCPWeatherServer\MCPWeatherServer.csproj", "{76CC7DE0-FD59-441F-900A-1118D83C3A17}"
EndProject
Global
	GlobalSection(SolutionConfigurationPlatforms) = preSolution
		Debug|Any CPU = Debug|Any CPU
		Release|Any CPU = Release|Any CPU
	EndGlobalSection
	GlobalSection(ProjectConfigurationPlatforms) = postSolution
		{76CC7DE0-FD59-441F-900A-1118D83C3A17}.Debug|Any CPU.ActiveCfg = Debug|Any CPU
		{76CC7DE0-FD59-441F-900A-1118D83C3A17}.Debug|Any CPU.Build.0 = Debug|Any CPU
		{76CC7DE0-FD59-441F-900A-1118D83C3A17}.Release|Any CPU.ActiveCfg = Release|Any CPU
		{76CC7DE0-FD59-441F-900A-1118D83C3A17}.Release|Any CPU.Build.0 = Release|Any CPU
	EndGlobalSection
EndGlobal
